
Microsoft Visual Studio Solution File, Format Version 12.00
# Visual Studio Version 16
VisualStudioVersion = 16.0.31911.196
MinimumVisualStudioVersion = 10.0.40219.1
Project("{FAE04EC0-301F-11D3-BF4B-00C04F79EFBC}") = "WebApplication3", "WebApplication3\WebApplication3.csproj", "{53BDF818-ADA9-4B4B-B834-CB0FDD67F283}"
EndProject
Global
	GlobalSection(SolutionConfigurationPlatforms) = preSolution
		Debug|Any CPU = Debug|Any CPU
		Release|Any CPU = Release|Any CPU
	EndGlobalSection
	GlobalSection(ProjectConfigurationPlatforms) = postSolution
		{53BDF818-ADA9-4B4B-B834-CB0FDD67F283}.Debug|Any CPU.ActiveCfg = Debug|Any CPU
		{53BDF818-ADA9-4B4B-B834-CB0FDD67F283}.Debug|Any CPU.Build.0 = Debug|Any CPU
		{53BDF818-ADA9-4B4B-B834-CB0FDD67F283}.Release|Any CPU.ActiveCfg = Release|Any CPU
		{53BDF818-ADA9-4B4B-B834-CB0FDD67F283}.Release|Any CPU.Build.0 = Release|Any CPU
	EndGlobalSection
	GlobalSection(SolutionProperties) = preSolution
		HideSolutionNode = FALSE
	EndGlobalSection
	GlobalSection(ExtensibilityGlobals) = postSolution
		SolutionGuid = {2ACD82FD-FE15-4A56-98D9-491897E25252}
	EndGlobalSection
EndGlobal
