
Microsoft Visual Studio Solution File, Format Version 12.00
# Visual Studio Version 16
VisualStudioVersion = 16.0.31911.196
MinimumVisualStudioVersion = 10.0.40219.1
Project("{FAE04EC0-301F-11D3-BF4B-00C04F79EFBC}") = "WindowsFormsApp2", "WindowsFormsApp2\WindowsFormsApp2.csproj", "{FF026C4A-7004-4EB5-8D61-885BD4026A83}"
EndProject
Global
	GlobalSection(SolutionConfigurationPlatforms) = preSolution
		Debug|Any CPU = Debug|Any CPU
		Release|Any CPU = Release|Any CPU
	EndGlobalSection
	GlobalSection(ProjectConfigurationPlatforms) = postSolution
		{FF026C4A-7004-4EB5-8D61-885BD4026A83}.Debug|Any CPU.ActiveCfg = Debug|Any CPU
		{FF026C4A-7004-4EB5-8D61-885BD4026A83}.Debug|Any CPU.Build.0 = Debug|Any CPU
		{FF026C4A-7004-4EB5-8D61-885BD4026A83}.Release|Any CPU.ActiveCfg = Release|Any CPU
		{FF026C4A-7004-4EB5-8D61-885BD4026A83}.Release|Any CPU.Build.0 = Release|Any CPU
	EndGlobalSection
	GlobalSection(SolutionProperties) = preSolution
		HideSolutionNode = FALSE
	EndGlobalSection
	GlobalSection(ExtensibilityGlobals) = postSolution
		SolutionGuid = {4269D8B7-E2E4-4D78-9FBF-FA8393510B51}
	EndGlobalSection
EndGlobal
