
Microsoft Visual Studio Solution File, Format Version 12.00
# Visual Studio Version 16
VisualStudioVersion = 16.0.31702.278
MinimumVisualStudioVersion = 10.0.40219.1
Project("{FAE04EC0-301F-11D3-BF4B-00C04F79EFBC}") = "Training-Tutorial", "Training-Tutorial\Training-Tutorial.csproj", "{38F8D1C9-18D4-4054-825C-0E8A43ABCABA}"
EndProject
Global
	GlobalSection(SolutionConfigurationPlatforms) = preSolution
		Debug|Any CPU = Debug|Any CPU
		Release|Any CPU = Release|Any CPU
	EndGlobalSection
	GlobalSection(ProjectConfigurationPlatforms) = postSolution
		{38F8D1C9-18D4-4054-825C-0E8A43ABCABA}.Debug|Any CPU.ActiveCfg = Debug|Any CPU
		{38F8D1C9-18D4-4054-825C-0E8A43ABCABA}.Debug|Any CPU.Build.0 = Debug|Any CPU
		{38F8D1C9-18D4-4054-825C-0E8A43ABCABA}.Release|Any CPU.ActiveCfg = Release|Any CPU
		{38F8D1C9-18D4-4054-825C-0E8A43ABCABA}.Release|Any CPU.Build.0 = Release|Any CPU
	EndGlobalSection
	GlobalSection(SolutionProperties) = preSolution
		HideSolutionNode = FALSE
	EndGlobalSection
	GlobalSection(ExtensibilityGlobals) = postSolution
		SolutionGuid = {D615B272-26FC-41EC-B27B-25454D6EB3D4}
	EndGlobalSection
EndGlobal
