
Microsoft Visual Studio Solution File, Format Version 12.00
# Visual Studio Version 16
VisualStudioVersion = 16.0.32002.261
MinimumVisualStudioVersion = 10.0.40219.1
Project("{FAE04EC0-301F-11D3-BF4B-00C04F79EFBC}") = "dele", "dele\dele.csproj", "{02EB9AC5-9000-4956-ABB8-7A98D535A550}"
EndProject
Global
	GlobalSection(SolutionConfigurationPlatforms) = preSolution
		Debug|Any CPU = Debug|Any CPU
		Release|Any CPU = Release|Any CPU
	EndGlobalSection
	GlobalSection(ProjectConfigurationPlatforms) = postSolution
		{02EB9AC5-9000-4956-ABB8-7A98D535A550}.Debug|Any CPU.ActiveCfg = Debug|Any CPU
		{02EB9AC5-9000-4956-ABB8-7A98D535A550}.Debug|Any CPU.Build.0 = Debug|Any CPU
		{02EB9AC5-9000-4956-ABB8-7A98D535A550}.Release|Any CPU.ActiveCfg = Release|Any CPU
		{02EB9AC5-9000-4956-ABB8-7A98D535A550}.Release|Any CPU.Build.0 = Release|Any CPU
	EndGlobalSection
	GlobalSection(SolutionProperties) = preSolution
		HideSolutionNode = FALSE
	EndGlobalSection
	GlobalSection(ExtensibilityGlobals) = postSolution
		SolutionGuid = {2AB1698B-076B-4EC6-AB72-9A4D92F24FE2}
	EndGlobalSection
EndGlobal
