
Microsoft Visual Studio Solution File, Format Version 12.00
# Visual Studio Version 16
VisualStudioVersion = 16.0.31911.196
MinimumVisualStudioVersion = 10.0.40219.1
Project("{FAE04EC0-301F-11D3-BF4B-00C04F79EFBC}") = "WebApplication2", "WebApplication2\WebApplication2.csproj", "{0D84A381-580E-43E7-A9AE-2FDD6D1B94E7}"
EndProject
Global
	GlobalSection(SolutionConfigurationPlatforms) = preSolution
		Debug|Any CPU = Debug|Any CPU
		Release|Any CPU = Release|Any CPU
	EndGlobalSection
	GlobalSection(ProjectConfigurationPlatforms) = postSolution
		{0D84A381-580E-43E7-A9AE-2FDD6D1B94E7}.Debug|Any CPU.ActiveCfg = Debug|Any CPU
		{0D84A381-580E-43E7-A9AE-2FDD6D1B94E7}.Debug|Any CPU.Build.0 = Debug|Any CPU
		{0D84A381-580E-43E7-A9AE-2FDD6D1B94E7}.Release|Any CPU.ActiveCfg = Release|Any CPU
		{0D84A381-580E-43E7-A9AE-2FDD6D1B94E7}.Release|Any CPU.Build.0 = Release|Any CPU
	EndGlobalSection
	GlobalSection(SolutionProperties) = preSolution
		HideSolutionNode = FALSE
	EndGlobalSection
	GlobalSection(ExtensibilityGlobals) = postSolution
		SolutionGuid = {36F439D6-4E37-4DE1-B066-554DCECA8A9A}
	EndGlobalSection
EndGlobal
