
Microsoft Visual Studio Solution File, Format Version 12.00
# Visual Studio Version 16
VisualStudioVersion = 16.0.32002.261
MinimumVisualStudioVersion = 10.0.40219.1
Project("{FAE04EC0-301F-11D3-BF4B-00C04F79EFBC}") = "partial", "partial\partial.csproj", "{3FA4A27E-895D-4DA4-84D4-D55AE3615746}"
EndProject
Global
	GlobalSection(SolutionConfigurationPlatforms) = preSolution
		Debug|Any CPU = Debug|Any CPU
		Release|Any CPU = Release|Any CPU
	EndGlobalSection
	GlobalSection(ProjectConfigurationPlatforms) = postSolution
		{3FA4A27E-895D-4DA4-84D4-D55AE3615746}.Debug|Any CPU.ActiveCfg = Debug|Any CPU
		{3FA4A27E-895D-4DA4-84D4-D55AE3615746}.Debug|Any CPU.Build.0 = Debug|Any CPU
		{3FA4A27E-895D-4DA4-84D4-D55AE3615746}.Release|Any CPU.ActiveCfg = Release|Any CPU
		{3FA4A27E-895D-4DA4-84D4-D55AE3615746}.Release|Any CPU.Build.0 = Release|Any CPU
	EndGlobalSection
	GlobalSection(SolutionProperties) = preSolution
		HideSolutionNode = FALSE
	EndGlobalSection
	GlobalSection(ExtensibilityGlobals) = postSolution
		SolutionGuid = {3BE8D3BC-71D3-42DB-91F7-81D724447EA4}
	EndGlobalSection
EndGlobal
