
Microsoft Visual Studio Solution File, Format Version 12.00
# Visual Studio Version 16
VisualStudioVersion = 16.0.31911.196
MinimumVisualStudioVersion = 10.0.40219.1
Project("{FAE04EC0-301F-11D3-BF4B-00C04F79EFBC}") = "CORE WEB API PART2", "CORE WEB API PART2\CORE WEB API PART2.csproj", "{59BB6DA0-FA91-421C-BA62-69E952B0C492}"
EndProject
Global
	GlobalSection(SolutionConfigurationPlatforms) = preSolution
		Debug|Any CPU = Debug|Any CPU
		Release|Any CPU = Release|Any CPU
	EndGlobalSection
	GlobalSection(ProjectConfigurationPlatforms) = postSolution
		{59BB6DA0-FA91-421C-BA62-69E952B0C492}.Debug|Any CPU.ActiveCfg = Debug|Any CPU
		{59BB6DA0-FA91-421C-BA62-69E952B0C492}.Debug|Any CPU.Build.0 = Debug|Any CPU
		{59BB6DA0-FA91-421C-BA62-69E952B0C492}.Release|Any CPU.ActiveCfg = Release|Any CPU
		{59BB6DA0-FA91-421C-BA62-69E952B0C492}.Release|Any CPU.Build.0 = Release|Any CPU
	EndGlobalSection
	GlobalSection(SolutionProperties) = preSolution
		HideSolutionNode = FALSE
	EndGlobalSection
	GlobalSection(ExtensibilityGlobals) = postSolution
		SolutionGuid = {674B5316-8E55-4EF4-999F-7E27FA04175C}
	EndGlobalSection
EndGlobal
