
Microsoft Visual Studio Solution File, Format Version 12.00
# Visual Studio Version 16
VisualStudioVersion = 16.0.31702.278
MinimumVisualStudioVersion = 10.0.40219.1
Project("{FAE04EC0-301F-11D3-BF4B-00C04F79EFBC}") = "Ann_Birthday", "Ann_Birthday\Ann_Birthday.csproj", "{EC6C15E5-FE1E-49F4-BE7A-507A93B981E8}"
EndProject
Global
	GlobalSection(SolutionConfigurationPlatforms) = preSolution
		Debug|Any CPU = Debug|Any CPU
		Release|Any CPU = Release|Any CPU
	EndGlobalSection
	GlobalSection(ProjectConfigurationPlatforms) = postSolution
		{EC6C15E5-FE1E-49F4-BE7A-507A93B981E8}.Debug|Any CPU.ActiveCfg = Debug|Any CPU
		{EC6C15E5-FE1E-49F4-BE7A-507A93B981E8}.Debug|Any CPU.Build.0 = Debug|Any CPU
		{EC6C15E5-FE1E-49F4-BE7A-507A93B981E8}.Release|Any CPU.ActiveCfg = Release|Any CPU
		{EC6C15E5-FE1E-49F4-BE7A-507A93B981E8}.Release|Any CPU.Build.0 = Release|Any CPU
	EndGlobalSection
	GlobalSection(SolutionProperties) = preSolution
		HideSolutionNode = FALSE
	EndGlobalSection
	GlobalSection(ExtensibilityGlobals) = postSolution
		SolutionGuid = {597CF15C-BEE4-43B7-A02E-0498FE5FB32E}
	EndGlobalSection
EndGlobal
